
Microsoft Visual Studio Solution File, Format Version 12.00
# Visual Studio 15
VisualStudioVersion = 15.0.27004.2009
MinimumVisualStudioVersion = 10.0.40219.1
Project("{FAE04EC0-301F-11D3-BF4B-00C04F79EFBC}") = "OrmMock", "OrmMock\OrmMock.csproj", "{466CDB2E-03A6-4011-8A24-D8886828FC53}"
EndProject
Project("{FAE04EC0-301F-11D3-BF4B-00C04F79EFBC}") = "Test", "Test\Test.csproj", "{AE4E5A85-28D1-4A77-84E6-1B7DC186E478}"
EndProject
Project("{FAE04EC0-301F-11D3-BF4B-00C04F79EFBC}") = "OrmMock.EF6", "OrmMock.EF6\OrmMock.EF6.csproj", "{38C7A805-6FCF-4CF8-BA68-358219EAB800}"
EndProject
Project("{FAE04EC0-301F-11D3-BF4B-00C04F79EFBC}") = "OrmMock.EF6.Test", "OrmMock.EF6.Test\OrmMock.EF6.Test.csproj", "{FA28EBD0-A1CC-4313-B29D-103953B32874}"
EndProject
Global
	GlobalSection(SolutionConfigurationPlatforms) = preSolution
		Debug|Any CPU = Debug|Any CPU
		Release|Any CPU = Release|Any CPU
	EndGlobalSection
	GlobalSection(ProjectConfigurationPlatforms) = postSolution
		{466CDB2E-03A6-4011-8A24-D8886828FC53}.Debug|Any CPU.ActiveCfg = Debug|Any CPU
		{466CDB2E-03A6-4011-8A24-D8886828FC53}.Debug|Any CPU.Build.0 = Debug|Any CPU
		{466CDB2E-03A6-4011-8A24-D8886828FC53}.Release|Any CPU.ActiveCfg = Release|Any CPU
		{466CDB2E-03A6-4011-8A24-D8886828FC53}.Release|Any CPU.Build.0 = Release|Any CPU
		{AE4E5A85-28D1-4A77-84E6-1B7DC186E478}.Debug|Any CPU.ActiveCfg = Debug|Any CPU
		{AE4E5A85-28D1-4A77-84E6-1B7DC186E478}.Debug|Any CPU.Build.0 = Debug|Any CPU
		{AE4E5A85-28D1-4A77-84E6-1B7DC186E478}.Release|Any CPU.ActiveCfg = Release|Any CPU
		{AE4E5A85-28D1-4A77-84E6-1B7DC186E478}.Release|Any CPU.Build.0 = Release|Any CPU
		{38C7A805-6FCF-4CF8-BA68-358219EAB800}.Debug|Any CPU.ActiveCfg = Debug|Any CPU
		{38C7A805-6FCF-4CF8-BA68-358219EAB800}.Debug|Any CPU.Build.0 = Debug|Any CPU
		{38C7A805-6FCF-4CF8-BA68-358219EAB800}.Release|Any CPU.ActiveCfg = Release|Any CPU
		{38C7A805-6FCF-4CF8-BA68-358219EAB800}.Release|Any CPU.Build.0 = Release|Any CPU
		{FA28EBD0-A1CC-4313-B29D-103953B32874}.Debug|Any CPU.ActiveCfg = Debug|Any CPU
		{FA28EBD0-A1CC-4313-B29D-103953B32874}.Debug|Any CPU.Build.0 = Debug|Any CPU
		{FA28EBD0-A1CC-4313-B29D-103953B32874}.Release|Any CPU.ActiveCfg = Release|Any CPU
		{FA28EBD0-A1CC-4313-B29D-103953B32874}.Release|Any CPU.Build.0 = Release|Any CPU
	EndGlobalSection
	GlobalSection(SolutionProperties) = preSolution
		HideSolutionNode = FALSE
	EndGlobalSection
	GlobalSection(ExtensibilityGlobals) = postSolution
		SolutionGuid = {7ADB9AF7-132F-46FC-B708-4D575D461DA7}
	EndGlobalSection
EndGlobal
